
Microsoft Visual Studio Solution File, Format Version 12.00
# Visual Studio 15
VisualStudioVersion = 15.0.28307.1062
MinimumVisualStudioVersion = 10.0.40219.1
Project("{FAE04EC0-301F-11D3-BF4B-00C04F79EFBC}") = "WebApplication1", "WebApplication1\WebApplication1.csproj", "{42CB0F05-713F-4DC9-AD02-F8D5FB37A558}"
EndProject
Global
	GlobalSection(SolutionConfigurationPlatforms) = preSolution
		Debug|Any CPU = Debug|Any CPU
		Release|Any CPU = Release|Any CPU
	EndGlobalSection
	GlobalSection(ProjectConfigurationPlatforms) = postSolution
		{42CB0F05-713F-4DC9-AD02-F8D5FB37A558}.Debug|Any CPU.ActiveCfg = Debug|Any CPU
		{42CB0F05-713F-4DC9-AD02-F8D5FB37A558}.Debug|Any CPU.Build.0 = Debug|Any CPU
		{42CB0F05-713F-4DC9-AD02-F8D5FB37A558}.Release|Any CPU.ActiveCfg = Release|Any CPU
		{42CB0F05-713F-4DC9-AD02-F8D5FB37A558}.Release|Any CPU.Build.0 = Release|Any CPU
	EndGlobalSection
	GlobalSection(SolutionProperties) = preSolution
		HideSolutionNode = FALSE
	EndGlobalSection
	GlobalSection(ExtensibilityGlobals) = postSolution
		SolutionGuid = {E802A60C-BE84-4548-B17F-0F8BE5FE0785}
	EndGlobalSection
EndGlobal
